
Microsoft Visual Studio Solution File, Format Version 12.00
# Visual Studio Version 17
VisualStudioVersion = 17.1.32210.238
MinimumVisualStudioVersion = 10.0.40219.1
Project("{FAE04EC0-301F-11D3-BF4B-00C04F79EFBC}") = "MyLibrary2", "MyLibrary2\MyLibrary2.csproj", "{DC5100B6-AF5E-40CD-9130-7BE1EC207CC2}"
EndProject
Global
	GlobalSection(SolutionConfigurationPlatforms) = preSolution
		Debug|Any CPU = Debug|Any CPU
		Release|Any CPU = Release|Any CPU
	EndGlobalSection
	GlobalSection(ProjectConfigurationPlatforms) = postSolution
		{DC5100B6-AF5E-40CD-9130-7BE1EC207CC2}.Debug|Any CPU.ActiveCfg = Debug|Any CPU
		{DC5100B6-AF5E-40CD-9130-7BE1EC207CC2}.Debug|Any CPU.Build.0 = Debug|Any CPU
		{DC5100B6-AF5E-40CD-9130-7BE1EC207CC2}.Release|Any CPU.ActiveCfg = Release|Any CPU
		{DC5100B6-AF5E-40CD-9130-7BE1EC207CC2}.Release|Any CPU.Build.0 = Release|Any CPU
	EndGlobalSection
	GlobalSection(SolutionProperties) = preSolution
		HideSolutionNode = FALSE
	EndGlobalSection
	GlobalSection(ExtensibilityGlobals) = postSolution
		SolutionGuid = {F12FF3AD-777D-488E-A72C-6853B9C12EDF}
	EndGlobalSection
EndGlobal
